
Microsoft Visual Studio Solution File, Format Version 12.00
# Visual Studio Version 16
VisualStudioVersion = 16.0.32413.511
MinimumVisualStudioVersion = 10.0.40219.1
Project("{2150E333-8FDC-42A3-9474-1A3956D46DE8}") = "Enterprise Business Rules", "Enterprise Business Rules", "{EEF57D7A-D81F-4903-8B0D-1BA1BF595F10}"
EndProject
Project("{2150E333-8FDC-42A3-9474-1A3956D46DE8}") = "Application Business Rules", "Application Business Rules", "{0AC8E028-560B-4DC8-A355-271B3D0A6F12}"
EndProject
Project("{2150E333-8FDC-42A3-9474-1A3956D46DE8}") = "Interface Adapters", "Interface Adapters", "{3EB5E150-7C9C-4C5D-A970-E3C260CE19A2}"
EndProject
Project("{2150E333-8FDC-42A3-9474-1A3956D46DE8}") = "Frameworks and Drivers", "Frameworks and Drivers", "{CC5E7056-69F8-408D-A858-04D96E643C24}"
EndProject
Project("{9A19103F-16F7-4668-BE54-9A1E7A4F7556}") = "Baalaven.Entities", "Baalaven.Entities\Baalaven.Entities.csproj", "{179B0BC4-8BF7-4264-BC8D-AE1B86BF357C}"
EndProject
Project("{2150E333-8FDC-42A3-9474-1A3956D46DE8}") = "Gateways", "Gateways", "{884A3DD8-2F21-4659-AB43-3D12E81CD202}"
EndProject
Project("{9A19103F-16F7-4668-BE54-9A1E7A4F7556}") = "Baalaven.Repositories.EFCore", "Baalaven.Repositories.EFCore\Baalaven.Repositories.EFCore.csproj", "{5EC54552-5DB3-40F4-B14A-287F200038B0}"
EndProject
Project("{9A19103F-16F7-4668-BE54-9A1E7A4F7556}") = "Baalaven.UseCasesDTOs", "Baalaven.UseCasesDTOs\Baalaven.UseCasesDTOs.csproj", "{CC743DBF-1C05-4776-BA1F-3570B49A379B}"
EndProject
Project("{9A19103F-16F7-4668-BE54-9A1E7A4F7556}") = "Baalaven.IoC", "Baalaven.IoC\Baalaven.IoC.csproj", "{D6F96868-BD19-4174-B63D-C84B894EA344}"
EndProject
Project("{2150E333-8FDC-42A3-9474-1A3956D46DE8}") = "Presenters", "Presenters", "{47656D7E-D2A3-4E67-8E29-113B0020ADEC}"
EndProject
Project("{9A19103F-16F7-4668-BE54-9A1E7A4F7556}") = "Baalaven.WebExceptionsPresenter", "Baalaven.WebExceptionsPresenter\Baalaven.WebExceptionsPresenter.csproj", "{CB806827-2B31-4760-B20B-F50A4385D328}"
EndProject
Project("{9A19103F-16F7-4668-BE54-9A1E7A4F7556}") = "Baalaven.WebApi", "Baalaven.WebApi\Baalaven.WebApi.csproj", "{0960CB7B-56C8-4DE1-B691-B465F3A9DF50}"
EndProject
Project("{FAE04EC0-301F-11D3-BF4B-00C04F79EFBC}") = "Baalaven.UseCases", "Baalaven.UseCases\Baalaven.UseCases.csproj", "{A8CA9CB0-2E93-4BD5-B720-F75911EAB20E}"
EndProject
Project("{FAE04EC0-301F-11D3-BF4B-00C04F79EFBC}") = "Baalaven.Presenters", "Baalaven.Presenters\Baalaven.Presenters.csproj", "{E7881826-CDB1-4F51-9B9F-3D4C9D4285CA}"
EndProject
Global
	GlobalSection(SolutionConfigurationPlatforms) = preSolution
		Debug|Any CPU = Debug|Any CPU
		Release|Any CPU = Release|Any CPU
	EndGlobalSection
	GlobalSection(ProjectConfigurationPlatforms) = postSolution
		{179B0BC4-8BF7-4264-BC8D-AE1B86BF357C}.Debug|Any CPU.ActiveCfg = Debug|Any CPU
		{179B0BC4-8BF7-4264-BC8D-AE1B86BF357C}.Debug|Any CPU.Build.0 = Debug|Any CPU
		{179B0BC4-8BF7-4264-BC8D-AE1B86BF357C}.Release|Any CPU.ActiveCfg = Release|Any CPU
		{179B0BC4-8BF7-4264-BC8D-AE1B86BF357C}.Release|Any CPU.Build.0 = Release|Any CPU
		{5EC54552-5DB3-40F4-B14A-287F200038B0}.Debug|Any CPU.ActiveCfg = Debug|Any CPU
		{5EC54552-5DB3-40F4-B14A-287F200038B0}.Debug|Any CPU.Build.0 = Debug|Any CPU
		{5EC54552-5DB3-40F4-B14A-287F200038B0}.Release|Any CPU.ActiveCfg = Release|Any CPU
		{5EC54552-5DB3-40F4-B14A-287F200038B0}.Release|Any CPU.Build.0 = Release|Any CPU
		{CC743DBF-1C05-4776-BA1F-3570B49A379B}.Debug|Any CPU.ActiveCfg = Debug|Any CPU
		{CC743DBF-1C05-4776-BA1F-3570B49A379B}.Debug|Any CPU.Build.0 = Debug|Any CPU
		{CC743DBF-1C05-4776-BA1F-3570B49A379B}.Release|Any CPU.ActiveCfg = Release|Any CPU
		{CC743DBF-1C05-4776-BA1F-3570B49A379B}.Release|Any CPU.Build.0 = Release|Any CPU
		{D6F96868-BD19-4174-B63D-C84B894EA344}.Debug|Any CPU.ActiveCfg = Debug|Any CPU
		{D6F96868-BD19-4174-B63D-C84B894EA344}.Debug|Any CPU.Build.0 = Debug|Any CPU
		{D6F96868-BD19-4174-B63D-C84B894EA344}.Release|Any CPU.ActiveCfg = Release|Any CPU
		{D6F96868-BD19-4174-B63D-C84B894EA344}.Release|Any CPU.Build.0 = Release|Any CPU
		{CB806827-2B31-4760-B20B-F50A4385D328}.Debug|Any CPU.ActiveCfg = Debug|Any CPU
		{CB806827-2B31-4760-B20B-F50A4385D328}.Debug|Any CPU.Build.0 = Debug|Any CPU
		{CB806827-2B31-4760-B20B-F50A4385D328}.Release|Any CPU.ActiveCfg = Release|Any CPU
		{CB806827-2B31-4760-B20B-F50A4385D328}.Release|Any CPU.Build.0 = Release|Any CPU
		{0960CB7B-56C8-4DE1-B691-B465F3A9DF50}.Debug|Any CPU.ActiveCfg = Debug|Any CPU
		{0960CB7B-56C8-4DE1-B691-B465F3A9DF50}.Debug|Any CPU.Build.0 = Debug|Any CPU
		{0960CB7B-56C8-4DE1-B691-B465F3A9DF50}.Release|Any CPU.ActiveCfg = Release|Any CPU
		{0960CB7B-56C8-4DE1-B691-B465F3A9DF50}.Release|Any CPU.Build.0 = Release|Any CPU
		{A8CA9CB0-2E93-4BD5-B720-F75911EAB20E}.Debug|Any CPU.ActiveCfg = Debug|Any CPU
		{A8CA9CB0-2E93-4BD5-B720-F75911EAB20E}.Debug|Any CPU.Build.0 = Debug|Any CPU
		{A8CA9CB0-2E93-4BD5-B720-F75911EAB20E}.Release|Any CPU.ActiveCfg = Release|Any CPU
		{A8CA9CB0-2E93-4BD5-B720-F75911EAB20E}.Release|Any CPU.Build.0 = Release|Any CPU
		{E7881826-CDB1-4F51-9B9F-3D4C9D4285CA}.Debug|Any CPU.ActiveCfg = Debug|Any CPU
		{E7881826-CDB1-4F51-9B9F-3D4C9D4285CA}.Debug|Any CPU.Build.0 = Debug|Any CPU
		{E7881826-CDB1-4F51-9B9F-3D4C9D4285CA}.Release|Any CPU.ActiveCfg = Release|Any CPU
		{E7881826-CDB1-4F51-9B9F-3D4C9D4285CA}.Release|Any CPU.Build.0 = Release|Any CPU
	EndGlobalSection
	GlobalSection(SolutionProperties) = preSolution
		HideSolutionNode = FALSE
	EndGlobalSection
	GlobalSection(NestedProjects) = preSolution
		{179B0BC4-8BF7-4264-BC8D-AE1B86BF357C} = {EEF57D7A-D81F-4903-8B0D-1BA1BF595F10}
		{884A3DD8-2F21-4659-AB43-3D12E81CD202} = {3EB5E150-7C9C-4C5D-A970-E3C260CE19A2}
		{5EC54552-5DB3-40F4-B14A-287F200038B0} = {884A3DD8-2F21-4659-AB43-3D12E81CD202}
		{CC743DBF-1C05-4776-BA1F-3570B49A379B} = {0AC8E028-560B-4DC8-A355-271B3D0A6F12}
		{D6F96868-BD19-4174-B63D-C84B894EA344} = {3EB5E150-7C9C-4C5D-A970-E3C260CE19A2}
		{47656D7E-D2A3-4E67-8E29-113B0020ADEC} = {3EB5E150-7C9C-4C5D-A970-E3C260CE19A2}
		{CB806827-2B31-4760-B20B-F50A4385D328} = {47656D7E-D2A3-4E67-8E29-113B0020ADEC}
		{0960CB7B-56C8-4DE1-B691-B465F3A9DF50} = {884A3DD8-2F21-4659-AB43-3D12E81CD202}
		{A8CA9CB0-2E93-4BD5-B720-F75911EAB20E} = {0AC8E028-560B-4DC8-A355-271B3D0A6F12}
		{E7881826-CDB1-4F51-9B9F-3D4C9D4285CA} = {47656D7E-D2A3-4E67-8E29-113B0020ADEC}
	EndGlobalSection
	GlobalSection(ExtensibilityGlobals) = postSolution
		SolutionGuid = {81EA6867-DB96-47FC-A925-850CF9E9AB96}
	EndGlobalSection
EndGlobal
