
Microsoft Visual Studio Solution File, Format Version 12.00
# Visual Studio Version 16
VisualStudioVersion = 16.0.32413.511
MinimumVisualStudioVersion = 10.0.40219.1
Project("{2150E333-8FDC-42A3-9474-1A3956D46DE8}") = "Enterprise Business Rules", "Enterprise Business Rules", "{EEF57D7A-D81F-4903-8B0D-1BA1BF595F10}"
EndProject
Project("{2150E333-8FDC-42A3-9474-1A3956D46DE8}") = "Application Business Rules", "Application Business Rules", "{0AC8E028-560B-4DC8-A355-271B3D0A6F12}"
EndProject
Project("{2150E333-8FDC-42A3-9474-1A3956D46DE8}") = "Interface Adapters", "Interface Adapters", "{3EB5E150-7C9C-4C5D-A970-E3C260CE19A2}"
EndProject
Project("{2150E333-8FDC-42A3-9474-1A3956D46DE8}") = "Frameworks and Drivers", "Frameworks and Drivers", "{CC5E7056-69F8-408D-A858-04D96E643C24}"
EndProject
Project("{9A19103F-16F7-4668-BE54-9A1E7A4F7556}") = "Baalaven.Entities", "Baalaven.Entities\Baalaven.Entities.csproj", "{179B0BC4-8BF7-4264-BC8D-AE1B86BF357C}"
EndProject
Project("{2150E333-8FDC-42A3-9474-1A3956D46DE8}") = "Gateways", "Gateways", "{884A3DD8-2F21-4659-AB43-3D12E81CD202}"
EndProject
Project("{9A19103F-16F7-4668-BE54-9A1E7A4F7556}") = "Baalaven.Repositories.EFCore", "Baalaven.Repositories.EFCore\Baalaven.Repositories.EFCore.csproj", "{5EC54552-5DB3-40F4-B14A-287F200038B0}"
EndProject
Project("{FAE04EC0-301F-11D3-BF4B-00C04F79EFBC}") = "Baalaven.UseCasesDTOs", "Baalaven.UseCasesDTOs\Baalaven.UseCasesDTOs.csproj", "{CC743DBF-1C05-4776-BA1F-3570B49A379B}"
EndProject
Global
	GlobalSection(SolutionConfigurationPlatforms) = preSolution
		Debug|Any CPU = Debug|Any CPU
		Release|Any CPU = Release|Any CPU
	EndGlobalSection
	GlobalSection(ProjectConfigurationPlatforms) = postSolution
		{179B0BC4-8BF7-4264-BC8D-AE1B86BF357C}.Debug|Any CPU.ActiveCfg = Debug|Any CPU
		{179B0BC4-8BF7-4264-BC8D-AE1B86BF357C}.Debug|Any CPU.Build.0 = Debug|Any CPU
		{179B0BC4-8BF7-4264-BC8D-AE1B86BF357C}.Release|Any CPU.ActiveCfg = Release|Any CPU
		{179B0BC4-8BF7-4264-BC8D-AE1B86BF357C}.Release|Any CPU.Build.0 = Release|Any CPU
		{5EC54552-5DB3-40F4-B14A-287F200038B0}.Debug|Any CPU.ActiveCfg = Debug|Any CPU
		{5EC54552-5DB3-40F4-B14A-287F200038B0}.Debug|Any CPU.Build.0 = Debug|Any CPU
		{5EC54552-5DB3-40F4-B14A-287F200038B0}.Release|Any CPU.ActiveCfg = Release|Any CPU
		{5EC54552-5DB3-40F4-B14A-287F200038B0}.Release|Any CPU.Build.0 = Release|Any CPU
		{CC743DBF-1C05-4776-BA1F-3570B49A379B}.Debug|Any CPU.ActiveCfg = Debug|Any CPU
		{CC743DBF-1C05-4776-BA1F-3570B49A379B}.Debug|Any CPU.Build.0 = Debug|Any CPU
		{CC743DBF-1C05-4776-BA1F-3570B49A379B}.Release|Any CPU.ActiveCfg = Release|Any CPU
		{CC743DBF-1C05-4776-BA1F-3570B49A379B}.Release|Any CPU.Build.0 = Release|Any CPU
	EndGlobalSection
	GlobalSection(SolutionProperties) = preSolution
		HideSolutionNode = FALSE
	EndGlobalSection
	GlobalSection(NestedProjects) = preSolution
		{179B0BC4-8BF7-4264-BC8D-AE1B86BF357C} = {EEF57D7A-D81F-4903-8B0D-1BA1BF595F10}
		{884A3DD8-2F21-4659-AB43-3D12E81CD202} = {3EB5E150-7C9C-4C5D-A970-E3C260CE19A2}
		{5EC54552-5DB3-40F4-B14A-287F200038B0} = {884A3DD8-2F21-4659-AB43-3D12E81CD202}
		{CC743DBF-1C05-4776-BA1F-3570B49A379B} = {0AC8E028-560B-4DC8-A355-271B3D0A6F12}
	EndGlobalSection
	GlobalSection(ExtensibilityGlobals) = postSolution
		SolutionGuid = {81EA6867-DB96-47FC-A925-850CF9E9AB96}
	EndGlobalSection
EndGlobal
